
Microsoft Visual Studio Solution File, Format Version 12.00
# Visual Studio Version 17
VisualStudioVersion = 17.3.32714.290
MinimumVisualStudioVersion = 10.0.40219.1
Project("{9A19103F-16F7-4668-BE54-9A1E7A4F7556}") = "WondeApiService", "WondeApiService\WondeApiService.csproj", "{B8854094-6542-4CBD-8076-50F6655FED85}"
EndProject
Project("{9A19103F-16F7-4668-BE54-9A1E7A4F7556}") = "WondeApiModel", "WondeApiModel\WondeApiModel.csproj", "{4F0008F6-C63E-4BD0-B7D7-CEDB328D0E64}"
EndProject
Project("{9A19103F-16F7-4668-BE54-9A1E7A4F7556}") = "WondeAppTest", "WondeAppTest\WondeAppTest.csproj", "{A4F353F6-8324-44EF-9044-42C481B9C808}"
EndProject
Project("{FAE04EC0-301F-11D3-BF4B-00C04F79EFBC}") = "WebMvc", "WebMvc\WebMvc.csproj", "{516F0EC5-F8CF-4F67-A7D0-AF2822CC37B0}"
EndProject
Global
	GlobalSection(SolutionConfigurationPlatforms) = preSolution
		Debug|Any CPU = Debug|Any CPU
		Release|Any CPU = Release|Any CPU
	EndGlobalSection
	GlobalSection(ProjectConfigurationPlatforms) = postSolution
		{B8854094-6542-4CBD-8076-50F6655FED85}.Debug|Any CPU.ActiveCfg = Debug|Any CPU
		{B8854094-6542-4CBD-8076-50F6655FED85}.Debug|Any CPU.Build.0 = Debug|Any CPU
		{B8854094-6542-4CBD-8076-50F6655FED85}.Release|Any CPU.ActiveCfg = Release|Any CPU
		{B8854094-6542-4CBD-8076-50F6655FED85}.Release|Any CPU.Build.0 = Release|Any CPU
		{4F0008F6-C63E-4BD0-B7D7-CEDB328D0E64}.Debug|Any CPU.ActiveCfg = Debug|Any CPU
		{4F0008F6-C63E-4BD0-B7D7-CEDB328D0E64}.Debug|Any CPU.Build.0 = Debug|Any CPU
		{4F0008F6-C63E-4BD0-B7D7-CEDB328D0E64}.Release|Any CPU.ActiveCfg = Release|Any CPU
		{4F0008F6-C63E-4BD0-B7D7-CEDB328D0E64}.Release|Any CPU.Build.0 = Release|Any CPU
		{A4F353F6-8324-44EF-9044-42C481B9C808}.Debug|Any CPU.ActiveCfg = Debug|Any CPU
		{A4F353F6-8324-44EF-9044-42C481B9C808}.Debug|Any CPU.Build.0 = Debug|Any CPU
		{A4F353F6-8324-44EF-9044-42C481B9C808}.Release|Any CPU.ActiveCfg = Release|Any CPU
		{A4F353F6-8324-44EF-9044-42C481B9C808}.Release|Any CPU.Build.0 = Release|Any CPU
		{516F0EC5-F8CF-4F67-A7D0-AF2822CC37B0}.Debug|Any CPU.ActiveCfg = Debug|Any CPU
		{516F0EC5-F8CF-4F67-A7D0-AF2822CC37B0}.Debug|Any CPU.Build.0 = Debug|Any CPU
		{516F0EC5-F8CF-4F67-A7D0-AF2822CC37B0}.Release|Any CPU.ActiveCfg = Release|Any CPU
		{516F0EC5-F8CF-4F67-A7D0-AF2822CC37B0}.Release|Any CPU.Build.0 = Release|Any CPU
	EndGlobalSection
	GlobalSection(SolutionProperties) = preSolution
		HideSolutionNode = FALSE
	EndGlobalSection
	GlobalSection(ExtensibilityGlobals) = postSolution
		SolutionGuid = {F002F7C2-42D6-4883-87FF-1FB725DE52DD}
	EndGlobalSection
EndGlobal
